// !$*UTF8*$!
{
	archiveVersion = 1;
	classes = {
	};
	objectVersion = 46;
	objects = {

/* Begin PBXBuildFile section */
		038D93A41E54AF0900E814EC /* AppDelegate.swift in Sources */ = {isa = PBXBuildFile; fileRef = 038D93A31E54AF0900E814EC /* AppDelegate.swift */; };
		038D93A91E54AF0900E814EC /* Main.storyboard in Resources */ = {isa = PBXBuildFile; fileRef = 038D93A71E54AF0900E814EC /* Main.storyboard */; };
		038D93AB1E54AF0900E814EC /* Assets.xcassets in Resources */ = {isa = PBXBuildFile; fileRef = 038D93AA1E54AF0900E814EC /* Assets.xcassets */; };
		038D93AE1E54AF0A00E814EC /* LaunchScreen.storyboard in Resources */ = {isa = PBXBuildFile; fileRef = 038D93AC1E54AF0A00E814EC /* LaunchScreen.storyboard */; };
		038D93B91E54AF9200E814EC /* ViewController.swift in Sources */ = {isa = PBXBuildFile; fileRef = 038D93B71E54AF9200E814EC /* ViewController.swift */; };
		038D93BB1E54AFA400E814EC /* PhotoViewCell.swift in Sources */ = {isa = PBXBuildFile; fileRef = 038D93BA1E54AFA400E814EC /* PhotoViewCell.swift */; };
/* End PBXBuildFile section */

/* Begin PBXFileReference section */
		038D93A01E54AF0900E814EC /* iPhoneAlbum.app */ = {isa = PBXFileReference; explicitFileType = wrapper.application; includeInIndex = 0; path = iPhoneAlbum.app; sourceTree = BUILT_PRODUCTS_DIR; };
		038D93A31E54AF0900E814EC /* AppDelegate.swift */ = {isa = PBXFileReference; lastKnownFileType = sourcecode.swift; path = AppDelegate.swift; sourceTree = "<group>"; };
		038D93A81E54AF0900E814EC /* Base */ = {isa = PBXFileReference; lastKnownFileType = file.storyboard; name = Base; path = Base.lproj/Main.storyboard; sourceTree = "<group>"; };
		038D93AA1E54AF0900E814EC /* Assets.xcassets */ = {isa = PBXFileReference; lastKnownFileType = folder.assetcatalog; path = Assets.xcassets; sourceTree = "<group>"; };
		038D93AD1E54AF0A00E814EC /* Base */ = {isa = PBXFileReference; lastKnownFileType = file.storyboard; name = Base; path = Base.lproj/LaunchScreen.storyboard; sourceTree = "<group>"; };
		038D93AF1E54AF0A00E814EC /* Info.plist */ = {isa = PBXFileReference; lastKnownFileType = text.plist.xml; path = Info.plist; sourceTree = "<group>"; };
		038D93B71E54AF9200E814EC /* ViewController.swift */ = {isa = PBXFileReference; fileEncoding = 4; lastKnownFileType = sourcecode.swift; path = ViewController.swift; sourceTree = "<group>"; };
		038D93BA1E54AFA400E814EC /* PhotoViewCell.swift */ = {isa = PBXFileReference; fileEncoding = 4; lastKnownFileType = sourcecode.swift; path = PhotoViewCell.swift; sourceTree = "<group>"; };
/* End PBXFileReference section */

/* Begin PBXFrameworksBuildPhase section */
		038D939D1E54AF0900E814EC /* Frameworks */ = {
			isa = PBXFrameworksBuildPhase;
			buildActionMask = 2147483647;
			files = (
			);
			runOnlyForDeploymentPostprocessing = 0;
		};
/* End PBXFrameworksBuildPhase section */

/* Begin PBXGroup section */
		038D93971E54AF0900E814EC = {
			isa = PBXGroup;
			children = (
				038D93A21E54AF0900E814EC /* iPhoneAlbum */,
				038D93A11E54AF0900E814EC /* Products */,
			);
			sourceTree = "<group>";
		};
		038D93A11E54AF0900E814EC /* Products */ = {
			isa = PBXGroup;
			children = (
				038D93A01E54AF0900E814EC /* iPhoneAlbum.app */,
			);
			name = Products;
			sourceTree = "<group>";
		};
		038D93A21E54AF0900E814EC /* iPhoneAlbum */ = {
			isa = PBXGroup;
			children = (
				038D93B51E54AF9200E814EC /* Classes */,
				038D93A31E54AF0900E814EC /* AppDelegate.swift */,
				038D93A71E54AF0900E814EC /* Main.storyboard */,
				038D93AA1E54AF0900E814EC /* Assets.xcassets */,
				038D93AC1E54AF0A00E814EC /* LaunchScreen.storyboard */,
				038D93AF1E54AF0A00E814EC /* Info.plist */,
			);
			path = iPhoneAlbum;
			sourceTree = "<group>";
		};
		038D93B51E54AF9200E814EC /* Classes */ = {
			isa = PBXGroup;
			children = (
				038D93B61E54AF9200E814EC /* ViewControllers */,
			);
			path = Classes;
			sourceTree = "<group>";
		};
		038D93B61E54AF9200E814EC /* ViewControllers */ = {
			isa = PBXGroup;
			children = (
				038D93B71E54AF9200E814EC /* ViewController.swift */,
				038D93B81E54AF9200E814EC /* Views */,
			);
			path = ViewControllers;
			sourceTree = "<group>";
		};
		038D93B81E54AF9200E814EC /* Views */ = {
			isa = PBXGroup;
			children = (
				038D93BA1E54AFA400E814EC /* PhotoViewCell.swift */,
			);
			path = Views;
			sourceTree = "<group>";
		};
/* End PBXGroup section */

/* Begin PBXNativeTarget section */
		038D939F1E54AF0900E814EC /* iPhoneAlbum */ = {
			isa = PBXNativeTarget;
			buildConfigurationList = 038D93B21E54AF0A00E814EC /* Build configuration list for PBXNativeTarget "iPhoneAlbum" */;
			buildPhases = (
				038D939C1E54AF0900E814EC /* Sources */,
				038D939D1E54AF0900E814EC /* Frameworks */,
				038D939E1E54AF0900E814EC /* Resources */,
			);
			buildRules = (
			);
			dependencies = (
			);
			name = iPhoneAlbum;
			productName = iPhoneAlbum;
			productReference = 038D93A01E54AF0900E814EC /* iPhoneAlbum.app */;
			productType = "com.apple.product-type.application";
		};
/* End PBXNativeTarget section */

/* Begin PBXProject section */
		038D93981E54AF0900E814EC /* Project object */ = {
			isa = PBXProject;
			attributes = {
				LastSwiftUpdateCheck = 0820;
				LastUpgradeCheck = 0820;
				ORGANIZATIONNAME = "Alan YU";
				TargetAttributes = {
					038D939F1E54AF0900E814EC = {
						CreatedOnToolsVersion = 8.2.1;
						DevelopmentTeam = G8HV33WRCX;
						ProvisioningStyle = Automatic;
					};
				};
			};
			buildConfigurationList = 038D939B1E54AF0900E814EC /* Build configuration list for PBXProject "iPhoneAlbum" */;
			compatibilityVersion = "Xcode 3.2";
			developmentRegion = English;
			hasScannedForEncodings = 0;
			knownRegions = (
				en,
				Base,
			);
			mainGroup = 038D93971E54AF0900E814EC;
			productRefGroup = 038D93A11E54AF0900E814EC /* Products */;
			projectDirPath = "";
			projectRoot = "";
			targets = (
				038D939F1E54AF0900E814EC /* iPhoneAlbum */,
			);
		};
/* End PBXProject section */

/* Begin PBXResourcesBuildPhase section */
		038D939E1E54AF0900E814EC /* Resources */ = {
			isa = PBXResourcesBuildPhase;
			buildActionMask = 2147483647;
			files = (
				038D93AE1E54AF0A00E814EC /* LaunchScreen.storyboard in Resources */,
				038D93AB1E54AF0900E814EC /* Assets.xcassets in Resources */,
				038D93A91E54AF0900E814EC /* Main.storyboard in Resources */,
			);
			runOnlyForDeploymentPostprocessing = 0;
		};
/* End PBXResourcesBuildPhase section */

/* Begin PBXSourcesBuildPhase section */
		038D939C1E54AF0900E814EC /* Sources */ = {
			isa = PBXSourcesBuildPhase;
			buildActionMask = 2147483647;
			files = (
				038D93B91E54AF9200E814EC /* ViewController.swift in Sources */,
				038D93A41E54AF0900E814EC /* AppDelegate.swift in Sources */,
				038D93BB1E54AFA400E814EC /* PhotoViewCell.swift in Sources */,
			);
			runOnlyForDeploymentPostprocessing = 0;
		};
/* End PBXSourcesBuildPhase section */

/* Begin PBXVariantGroup section */
		038D93A71E54AF0900E814EC /* Main.storyboard */ = {
			isa = PBXVariantGroup;
			children = (
				038D93A81E54AF0900E814EC /* Base */,
			);
			name = Main.storyboard;
			sourceTree = "<group>";
		};
		038D93AC1E54AF0A00E814EC /* LaunchScreen.storyboard */ = {
			isa = PBXVariantGroup;
			children = (
				038D93AD1E54AF0A00E814EC /* Base */,
			);
			name = LaunchScreen.storyboard;
			sourceTree = "<group>";
		};
/* End PBXVariantGroup section */

/* Begin XCBuildConfiguration section */
		038D93B01E54AF0A00E814EC /* Debug */ = {
			isa = XCBuildConfiguration;
			buildSettings = {
				ALWAYS_SEARCH_USER_PATHS = NO;
				CLANG_ANALYZER_NONNULL = YES;
				CLANG_CXX_LANGUAGE_STANDARD = "gnu++0x";
				CLANG_CXX_LIBRARY = "libc++";
				CLANG_ENABLE_MODULES = YES;
				CLANG_ENABLE_OBJC_ARC = YES;
				CLANG_WARN_BOOL_CONVERSION = YES;
				CLANG_WARN_CONSTANT_CONVERSION = YES;
				CLANG_WARN_DIRECT_OBJC_ISA_USAGE = YES_ERROR;
				CLANG_WARN_DOCUMENTATION_COMMENTS = YES;
				CLANG_WARN_EMPTY_BODY = YES;
				CLANG_WARN_ENUM_CONVERSION = YES;
				CLANG_WARN_INFINITE_RECURSION = YES;
				CLANG_WARN_INT_CONVERSION = YES;
				CLANG_WARN_OBJC_ROOT_CLASS = YES_ERROR;
				CLANG_WARN_SUSPICIOUS_MOVE = YES;
				CLANG_WARN_UNREACHABLE_CODE = YES;
				CLANG_WARN__DUPLICATE_METHOD_MATCH = YES;
				"CODE_SIGN_IDENTITY[sdk=iphoneos*]" = "iPhone Developer";
				COPY_PHASE_STRIP = NO;
				DEBUG_INFORMATION_FORMAT = dwarf;
				ENABLE_STRICT_OBJC_MSGSEND = YES;
				ENABLE_TESTABILITY = YES;
				GCC_C_LANGUAGE_STANDARD = gnu99;
				GCC_DYNAMIC_NO_PIC = NO;
				GCC_NO_COMMON_BLOCKS = YES;
				GCC_OPTIMIZATION_LEVEL = 0;
				GCC_PREPROCESSOR_DEFINITIONS = (
					"DEBUG=1",
					"$(inherited)",
				);
				GCC_WARN_64_TO_32_BIT_CONVERSION = YES;
				GCC_WARN_ABOUT_RETURN_TYPE = YES_ERROR;
				GCC_WARN_UNDECLARED_SELECTOR = YES;
				GCC_WARN_UNINITIALIZED_AUTOS = YES_AGGRESSIVE;
				GCC_WARN_UNUSED_FUNCTION = YES;
				GCC_WARN_UNUSED_VARIABLE = YES;
				IPHONEOS_DEPLOYMENT_TARGET = 9.0;
				MTL_ENABLE_DEBUG_INFO = YES;
				ONLY_ACTIVE_ARCH = YES;
				SDKROOT = iphoneos;
				SWIFT_ACTIVE_COMPILATION_CONDITIONS = DEBUG;
				SWIFT_OPTIMIZATION_LEVEL = "-Onone";
				TARGETED_DEVICE_FAMILY = "1,2";
			};
			name = Debug;
		};
		038D93B11E54AF0A00E814EC /* Release */ = {
			isa = XCBuildConfiguration;
			buildSettings = {
				ALWAYS_SEARCH_USER_PATHS = NO;
				CLANG_ANALYZER_NONNULL = YES;
				CLANG_CXX_LANGUAGE_STANDARD = "gnu++0x";
				CLANG_CXX_LIBRARY = "libc++";
				CLANG_ENABLE_MODULES = YES;
				CLANG_ENABLE_OBJC_ARC = YES;
				CLANG_WARN_BOOL_CONVERSION = YES;
				CLANG_WARN_CONSTANT_CONVERSION = YES;
				CLANG_WARN_DIRECT_OBJC_ISA_USAGE = YES_ERROR;
				CLANG_WARN_DOCUMENTATION_COMMENTS = YES;
				CLANG_WARN_EMPTY_BODY = YES;
				CLANG_WARN_ENUM_CONVERSION = YES;
				CLANG_WARN_INFINITE_RECURSION = YES;
				CLANG_WARN_INT_CONVERSION = YES;
				CLANG_WARN_OBJC_ROOT_CLASS = YES_ERROR;
				CLANG_WARN_SUSPICIOUS_MOVE = YES;
				CLANG_WARN_UNREACHABLE_CODE = YES;
				CLANG_WARN__DUPLICATE_METHOD_MATCH = YES;
				"CODE_SIGN_IDENTITY[sdk=iphoneos*]" = "iPhone Developer";
				COPY_PHASE_STRIP = NO;
				DEBUG_INFORMATION_FORMAT = "dwarf-with-dsym";
				ENABLE_NS_ASSERTIONS = NO;
				ENABLE_STRICT_OBJC_MSGSEND = YES;
				GCC_C_LANGUAGE_STANDARD = gnu99;
				GCC_NO_COMMON_BLOCKS = YES;
				GCC_WARN_64_TO_32_BIT_CONVERSION = YES;
				GCC_WARN_ABOUT_RETURN_TYPE = YES_ERROR;
				GCC_WARN_UNDECLARED_SELECTOR = YES;
				GCC_WARN_UNINITIALIZED_AUTOS = YES_AGGRESSIVE;
				GCC_WARN_UNUSED_FUNCTION = YES;
				GCC_WARN_UNUSED_VARIABLE = YES;
				IPHONEOS_DEPLOYMENT_TARGET = 9.0;
				MTL_ENABLE_DEBUG_INFO = NO;
				SDKROOT = iphoneos;
				SWIFT_OPTIMIZATION_LEVEL = "-Owholemodule";
				TARGETED_DEVICE_FAMILY = "1,2";
				VALIDATE_PRODUCT = YES;
			};
			name = Release;
		};
		038D93B31E54AF0A00E814EC /* Debug */ = {
			isa = XCBuildConfiguration;
			buildSettings = {
				ASSETCATALOG_COMPILER_APPICON_NAME = AppIcon;
				DEVELOPMENT_TEAM = G8HV33WRCX;
				INFOPLIST_FILE = iPhoneAlbum/Info.plist;
				LD_RUNPATH_SEARCH_PATHS = "$(inherited) @executable_path/Frameworks";
				PRODUCT_BUNDLE_IDENTIFIER = com.ydiva.iPhoneAlbum;
				PRODUCT_NAME = "$(TARGET_NAME)";
				SWIFT_VERSION = 3.0;
			};
			name = Debug;
		};
		038D93B41E54AF0A00E814EC /* Release */ = {
			isa = XCBuildConfiguration;
			buildSettings = {
				ASSETCATALOG_COMPILER_APPICON_NAME = AppIcon;
				DEVELOPMENT_TEAM = G8HV33WRCX;
				INFOPLIST_FILE = iPhoneAlbum/Info.plist;
				LD_RUNPATH_SEARCH_PATHS = "$(inherited) @executable_path/Frameworks";
				PRODUCT_BUNDLE_IDENTIFIER = com.ydiva.iPhoneAlbum;
				PRODUCT_NAME = "$(TARGET_NAME)";
				SWIFT_VERSION = 3.0;
			};
			name = Release;
		};
/* End XCBuildConfiguration section */

/* Begin XCConfigurationList section */
		038D939B1E54AF0900E814EC /* Build configuration list for PBXProject "iPhoneAlbum" */ = {
			isa = XCConfigurationList;
			buildConfigurations = (
				038D93B01E54AF0A00E814EC /* Debug */,
				038D93B11E54AF0A00E814EC /* Release */,
			);
			defaultConfigurationIsVisible = 0;
			defaultConfigurationName = Release;
		};
		038D93B21E54AF0A00E814EC /* Build configuration list for PBXNativeTarget "iPhoneAlbum" */ = {
			isa = XCConfigurationList;
			buildConfigurations = (
				038D93B31E54AF0A00E814EC /* Debug */,
				038D93B41E54AF0A00E814EC /* Release */,
			);
			defaultConfigurationIsVisible = 0;
			defaultConfigurationName = Release;
		};
/* End XCConfigurationList section */
	};
	rootObject = 038D93981E54AF0900E814EC /* Project object */;
}
